
Microsoft Visual Studio Solution File, Format Version 12.00
# Visual Studio Version 17
VisualStudioVersion = 17.5.33516.290
MinimumVisualStudioVersion = 10.0.40219.1
Project("{FAE04EC0-301F-11D3-BF4B-00C04F79EFBC}") = "Weapon", "Weapon\Weapon.csproj", "{72FF9215-F452-4059-B414-AF73EB35B467}"
EndProject
Project("{FAE04EC0-301F-11D3-BF4B-00C04F79EFBC}") = "Store", "Store\Store.csproj", "{EC7212D2-5A85-4CDC-AD46-3394B8109188}"
EndProject
Global
	GlobalSection(SolutionConfigurationPlatforms) = preSolution
		Debug|Any CPU = Debug|Any CPU
		Release|Any CPU = Release|Any CPU
	EndGlobalSection
	GlobalSection(ProjectConfigurationPlatforms) = postSolution
		{72FF9215-F452-4059-B414-AF73EB35B467}.Debug|Any CPU.ActiveCfg = Debug|Any CPU
		{72FF9215-F452-4059-B414-AF73EB35B467}.Debug|Any CPU.Build.0 = Debug|Any CPU
		{72FF9215-F452-4059-B414-AF73EB35B467}.Release|Any CPU.ActiveCfg = Release|Any CPU
		{72FF9215-F452-4059-B414-AF73EB35B467}.Release|Any CPU.Build.0 = Release|Any CPU
		{EC7212D2-5A85-4CDC-AD46-3394B8109188}.Debug|Any CPU.ActiveCfg = Debug|Any CPU
		{EC7212D2-5A85-4CDC-AD46-3394B8109188}.Debug|Any CPU.Build.0 = Debug|Any CPU
		{EC7212D2-5A85-4CDC-AD46-3394B8109188}.Release|Any CPU.ActiveCfg = Release|Any CPU
		{EC7212D2-5A85-4CDC-AD46-3394B8109188}.Release|Any CPU.Build.0 = Release|Any CPU
	EndGlobalSection
	GlobalSection(SolutionProperties) = preSolution
		HideSolutionNode = FALSE
	EndGlobalSection
	GlobalSection(ExtensibilityGlobals) = postSolution
		SolutionGuid = {5D2C81D2-68CC-4711-B97D-90E4D1132C25}
	EndGlobalSection
EndGlobal
